
Microsoft Visual Studio Solution File, Format Version 12.00
# Visual Studio Version 16
VisualStudioVersion = 16.0.30104.148
MinimumVisualStudioVersion = 10.0.40219.1
Project("{FAE04EC0-301F-11D3-BF4B-00C04F79EFBC}") = "CSS-MVC1", "CSS-MVC1.csproj", "{98DD923F-29F8-44FE-AAB8-5523C0CA6A8B}"
EndProject
Global
	GlobalSection(SolutionConfigurationPlatforms) = preSolution
		Debug|Any CPU = Debug|Any CPU
		Release|Any CPU = Release|Any CPU
	EndGlobalSection
	GlobalSection(ProjectConfigurationPlatforms) = postSolution
		{98DD923F-29F8-44FE-AAB8-5523C0CA6A8B}.Debug|Any CPU.ActiveCfg = Debug|Any CPU
		{98DD923F-29F8-44FE-AAB8-5523C0CA6A8B}.Debug|Any CPU.Build.0 = Debug|Any CPU
		{98DD923F-29F8-44FE-AAB8-5523C0CA6A8B}.Release|Any CPU.ActiveCfg = Release|Any CPU
		{98DD923F-29F8-44FE-AAB8-5523C0CA6A8B}.Release|Any CPU.Build.0 = Release|Any CPU
	EndGlobalSection
	GlobalSection(SolutionProperties) = preSolution
		HideSolutionNode = FALSE
	EndGlobalSection
	GlobalSection(ExtensibilityGlobals) = postSolution
		SolutionGuid = {1FFBDEFE-C414-40F1-B15E-30F772B72B19}
	EndGlobalSection
EndGlobal
